
Microsoft Visual Studio Solution File, Format Version 12.00
# Visual Studio Version 17
VisualStudioVersion = 17.5.33414.496
MinimumVisualStudioVersion = 10.0.40219.1
Project("{2150E333-8FDC-42A3-9474-1A3956D46DE8}") = "Services", "Services", "{ADE6C1EE-890D-41F5-9A08-2F789CAAFB54}"
EndProject
Project("{2150E333-8FDC-42A3-9474-1A3956D46DE8}") = "Catalog", "Catalog", "{1DA6006E-F844-4D85-AD70-B37A4AB609D5}"
EndProject
Project("{9A19103F-16F7-4668-BE54-9A1E7A4F7556}") = "EShop.Catalog.API", "Services\Catalog\EShop.Catalog.API\EShop.Catalog.API.csproj", "{5B64F846-3F3D-4C16-A1CF-6145CFC2DD80}"
EndProject
Project("{2150E333-8FDC-42A3-9474-1A3956D46DE8}") = "Basket", "Basket", "{D6802A6D-945D-4A40-B7D3-113566149120}"
EndProject
Project("{9A19103F-16F7-4668-BE54-9A1E7A4F7556}") = "EShop.Basket.API", "Services\Basket\EShop.Basket.API\EShop.Basket.API.csproj", "{295B8F00-012F-4FF6-B8FD-07CDF8AAB378}"
EndProject
Project("{2150E333-8FDC-42A3-9474-1A3956D46DE8}") = "WebApp", "WebApp", "{C23F8CB3-929B-4F0C-8E03-3872472D1395}"
EndProject
Project("{9A19103F-16F7-4668-BE54-9A1E7A4F7556}") = "EShop.Web.MVC", "WebApp\EShop.Web.MVC\EShop.Web.MVC.csproj", "{42558F81-114E-4245-834D-0BD25100D52D}"
EndProject
Project("{E53339B2-1760-4266-BCC7-CA923CBCF16C}") = "docker-compose", "docker-compose.dcproj", "{D0832482-C1A0-4B2E-8A07-6D831A154320}"
EndProject
Project("{2150E333-8FDC-42A3-9474-1A3956D46DE8}") = "Order", "Order", "{D2618A08-42FD-47D4-9C55-F2E4043EDF6C}"
EndProject
Project("{9A19103F-16F7-4668-BE54-9A1E7A4F7556}") = "EShop.Order.API", "Services\Order\EShop.Order.API\EShop.Order.API.csproj", "{B7944FAE-CE4B-4AE8-9819-9F135D71FCCF}"
EndProject
Project("{2150E333-8FDC-42A3-9474-1A3956D46DE8}") = "BuildingBloks", "BuildingBloks", "{B426B489-8F6D-4C53-94E1-01F7AA8EF3A7}"
EndProject
Project("{2150E333-8FDC-42A3-9474-1A3956D46DE8}") = "Events", "Events", "{9E49AFF9-6B4C-468C-A0D0-9A9036AC64DE}"
EndProject
Project("{9A19103F-16F7-4668-BE54-9A1E7A4F7556}") = "EventBus", "BuildingBloks\Events\EventBus\EventBus.csproj", "{B4098CD8-95A2-43E3-865E-0B95E85BEC0B}"
EndProject
Project("{9A19103F-16F7-4668-BE54-9A1E7A4F7556}") = "EventBussRabbitMQ", "BuildingBloks\Events\EventBussRabbitMQ\EventBussRabbitMQ.csproj", "{FB30EAD6-6385-426B-B8F4-837042A4A1E1}"
EndProject
Project("{9A19103F-16F7-4668-BE54-9A1E7A4F7556}") = "IntegrationEventLogEntityFramework", "BuildingBloks\Events\IntegrationEventLogEntityFramework\IntegrationEventLogEntityFramework.csproj", "{D877BD66-0CBD-4D2A-BAAD-996CC1F4A9B6}"
EndProject
Project("{9A19103F-16F7-4668-BE54-9A1E7A4F7556}") = "Catalog.UnitTest", "Services\Catalog\Catalog.UnitTest\Catalog.UnitTest.csproj", "{26C2B72D-8C9C-409C-AD01-C853CCD23D68}"
EndProject
Project("{9A19103F-16F7-4668-BE54-9A1E7A4F7556}") = "Basket.UnitTest", "Services\Basket\Basket.UnitTest\Basket.UnitTest.csproj", "{5C976F48-54C6-45B7-ADC8-5EC91868887F}"
EndProject
Project("{9A19103F-16F7-4668-BE54-9A1E7A4F7556}") = "EventBus.UnitTest", "BuildingBloks\Events\EventBus.UnitTest\EventBus.UnitTest.csproj", "{0A098ECE-14CD-4051-8114-062A1D6493F9}"
EndProject
Project("{9A19103F-16F7-4668-BE54-9A1E7A4F7556}") = "Catalog.IntegrationTest", "Services\Catalog\Catalog.IntegrationTest\Catalog.IntegrationTest.csproj", "{6C78EE5F-E182-4271-9C2F-EF27FB3136DA}"
EndProject
Project("{9A19103F-16F7-4668-BE54-9A1E7A4F7556}") = "Basket.IntegrationTest", "Services\Basket\Basket.IntegrationTest\Basket.IntegrationTest.csproj", "{56EE98A6-7E71-474C-A44A-564C02DEA8B5}"
EndProject
Project("{2150E333-8FDC-42A3-9474-1A3956D46DE8}") = "Gateway", "Gateway", "{6A803091-DA54-400E-987C-269346AC51AA}"
EndProject
Project("{2150E333-8FDC-42A3-9474-1A3956D46DE8}") = "WebGateway", "WebGateway", "{5EE81231-23E3-4D59-8B17-2662EEA2F4A7}"
EndProject
Project("{2150E333-8FDC-42A3-9474-1A3956D46DE8}") = "Ocelot", "Ocelot", "{DE2D3385-1A0E-4450-9AA7-FB4B67E80D40}"
EndProject
Project("{9A19103F-16F7-4668-BE54-9A1E7A4F7556}") = "OcelotAPIGw", "Gateway\WebGateway\Ocelot\OcelotAPIGw\OcelotAPIGw.csproj", "{F449D5E5-69A8-47A5-92A6-ABBA4240224C}"
EndProject
Project("{FAE04EC0-301F-11D3-BF4B-00C04F79EFBC}") = "EShop.Order.Domain", "Services\Order\EShop.Order.Domain\EShop.Order.Domain.csproj", "{76488519-8EF3-47AD-B27A-30CD08CC77D5}"
EndProject
Project("{FAE04EC0-301F-11D3-BF4B-00C04F79EFBC}") = "EShop.Order.Infrastructure", "Services\Order\EShop.Order.Infrastructure\EShop.Order.Infrastructure.csproj", "{89605052-4A1B-479F-839D-3D8AC5B624DB}"
EndProject
Global
	GlobalSection(SolutionConfigurationPlatforms) = preSolution
		Debug|Any CPU = Debug|Any CPU
		Release|Any CPU = Release|Any CPU
	EndGlobalSection
	GlobalSection(ProjectConfigurationPlatforms) = postSolution
		{5B64F846-3F3D-4C16-A1CF-6145CFC2DD80}.Debug|Any CPU.ActiveCfg = Debug|Any CPU
		{5B64F846-3F3D-4C16-A1CF-6145CFC2DD80}.Debug|Any CPU.Build.0 = Debug|Any CPU
		{5B64F846-3F3D-4C16-A1CF-6145CFC2DD80}.Release|Any CPU.ActiveCfg = Release|Any CPU
		{5B64F846-3F3D-4C16-A1CF-6145CFC2DD80}.Release|Any CPU.Build.0 = Release|Any CPU
		{295B8F00-012F-4FF6-B8FD-07CDF8AAB378}.Debug|Any CPU.ActiveCfg = Debug|Any CPU
		{295B8F00-012F-4FF6-B8FD-07CDF8AAB378}.Debug|Any CPU.Build.0 = Debug|Any CPU
		{295B8F00-012F-4FF6-B8FD-07CDF8AAB378}.Release|Any CPU.ActiveCfg = Release|Any CPU
		{295B8F00-012F-4FF6-B8FD-07CDF8AAB378}.Release|Any CPU.Build.0 = Release|Any CPU
		{42558F81-114E-4245-834D-0BD25100D52D}.Debug|Any CPU.ActiveCfg = Debug|Any CPU
		{42558F81-114E-4245-834D-0BD25100D52D}.Debug|Any CPU.Build.0 = Debug|Any CPU
		{42558F81-114E-4245-834D-0BD25100D52D}.Release|Any CPU.ActiveCfg = Release|Any CPU
		{42558F81-114E-4245-834D-0BD25100D52D}.Release|Any CPU.Build.0 = Release|Any CPU
		{D0832482-C1A0-4B2E-8A07-6D831A154320}.Debug|Any CPU.ActiveCfg = Debug|Any CPU
		{D0832482-C1A0-4B2E-8A07-6D831A154320}.Debug|Any CPU.Build.0 = Debug|Any CPU
		{D0832482-C1A0-4B2E-8A07-6D831A154320}.Release|Any CPU.ActiveCfg = Release|Any CPU
		{D0832482-C1A0-4B2E-8A07-6D831A154320}.Release|Any CPU.Build.0 = Release|Any CPU
		{B7944FAE-CE4B-4AE8-9819-9F135D71FCCF}.Debug|Any CPU.ActiveCfg = Debug|Any CPU
		{B7944FAE-CE4B-4AE8-9819-9F135D71FCCF}.Debug|Any CPU.Build.0 = Debug|Any CPU
		{B7944FAE-CE4B-4AE8-9819-9F135D71FCCF}.Release|Any CPU.ActiveCfg = Release|Any CPU
		{B7944FAE-CE4B-4AE8-9819-9F135D71FCCF}.Release|Any CPU.Build.0 = Release|Any CPU
		{B4098CD8-95A2-43E3-865E-0B95E85BEC0B}.Debug|Any CPU.ActiveCfg = Debug|Any CPU
		{B4098CD8-95A2-43E3-865E-0B95E85BEC0B}.Debug|Any CPU.Build.0 = Debug|Any CPU
		{B4098CD8-95A2-43E3-865E-0B95E85BEC0B}.Release|Any CPU.ActiveCfg = Release|Any CPU
		{B4098CD8-95A2-43E3-865E-0B95E85BEC0B}.Release|Any CPU.Build.0 = Release|Any CPU
		{FB30EAD6-6385-426B-B8F4-837042A4A1E1}.Debug|Any CPU.ActiveCfg = Debug|Any CPU
		{FB30EAD6-6385-426B-B8F4-837042A4A1E1}.Debug|Any CPU.Build.0 = Debug|Any CPU
		{FB30EAD6-6385-426B-B8F4-837042A4A1E1}.Release|Any CPU.ActiveCfg = Release|Any CPU
		{FB30EAD6-6385-426B-B8F4-837042A4A1E1}.Release|Any CPU.Build.0 = Release|Any CPU
		{D877BD66-0CBD-4D2A-BAAD-996CC1F4A9B6}.Debug|Any CPU.ActiveCfg = Debug|Any CPU
		{D877BD66-0CBD-4D2A-BAAD-996CC1F4A9B6}.Debug|Any CPU.Build.0 = Debug|Any CPU
		{D877BD66-0CBD-4D2A-BAAD-996CC1F4A9B6}.Release|Any CPU.ActiveCfg = Release|Any CPU
		{D877BD66-0CBD-4D2A-BAAD-996CC1F4A9B6}.Release|Any CPU.Build.0 = Release|Any CPU
		{26C2B72D-8C9C-409C-AD01-C853CCD23D68}.Debug|Any CPU.ActiveCfg = Debug|Any CPU
		{26C2B72D-8C9C-409C-AD01-C853CCD23D68}.Debug|Any CPU.Build.0 = Debug|Any CPU
		{26C2B72D-8C9C-409C-AD01-C853CCD23D68}.Release|Any CPU.ActiveCfg = Release|Any CPU
		{26C2B72D-8C9C-409C-AD01-C853CCD23D68}.Release|Any CPU.Build.0 = Release|Any CPU
		{5C976F48-54C6-45B7-ADC8-5EC91868887F}.Debug|Any CPU.ActiveCfg = Debug|Any CPU
		{5C976F48-54C6-45B7-ADC8-5EC91868887F}.Debug|Any CPU.Build.0 = Debug|Any CPU
		{5C976F48-54C6-45B7-ADC8-5EC91868887F}.Release|Any CPU.ActiveCfg = Release|Any CPU
		{5C976F48-54C6-45B7-ADC8-5EC91868887F}.Release|Any CPU.Build.0 = Release|Any CPU
		{0A098ECE-14CD-4051-8114-062A1D6493F9}.Debug|Any CPU.ActiveCfg = Debug|Any CPU
		{0A098ECE-14CD-4051-8114-062A1D6493F9}.Debug|Any CPU.Build.0 = Debug|Any CPU
		{0A098ECE-14CD-4051-8114-062A1D6493F9}.Release|Any CPU.ActiveCfg = Release|Any CPU
		{0A098ECE-14CD-4051-8114-062A1D6493F9}.Release|Any CPU.Build.0 = Release|Any CPU
		{6C78EE5F-E182-4271-9C2F-EF27FB3136DA}.Debug|Any CPU.ActiveCfg = Debug|Any CPU
		{6C78EE5F-E182-4271-9C2F-EF27FB3136DA}.Debug|Any CPU.Build.0 = Debug|Any CPU
		{6C78EE5F-E182-4271-9C2F-EF27FB3136DA}.Release|Any CPU.ActiveCfg = Release|Any CPU
		{6C78EE5F-E182-4271-9C2F-EF27FB3136DA}.Release|Any CPU.Build.0 = Release|Any CPU
		{56EE98A6-7E71-474C-A44A-564C02DEA8B5}.Debug|Any CPU.ActiveCfg = Debug|Any CPU
		{56EE98A6-7E71-474C-A44A-564C02DEA8B5}.Debug|Any CPU.Build.0 = Debug|Any CPU
		{56EE98A6-7E71-474C-A44A-564C02DEA8B5}.Release|Any CPU.ActiveCfg = Release|Any CPU
		{56EE98A6-7E71-474C-A44A-564C02DEA8B5}.Release|Any CPU.Build.0 = Release|Any CPU
		{F449D5E5-69A8-47A5-92A6-ABBA4240224C}.Debug|Any CPU.ActiveCfg = Debug|Any CPU
		{F449D5E5-69A8-47A5-92A6-ABBA4240224C}.Debug|Any CPU.Build.0 = Debug|Any CPU
		{F449D5E5-69A8-47A5-92A6-ABBA4240224C}.Release|Any CPU.ActiveCfg = Release|Any CPU
		{F449D5E5-69A8-47A5-92A6-ABBA4240224C}.Release|Any CPU.Build.0 = Release|Any CPU
		{76488519-8EF3-47AD-B27A-30CD08CC77D5}.Debug|Any CPU.ActiveCfg = Debug|Any CPU
		{76488519-8EF3-47AD-B27A-30CD08CC77D5}.Debug|Any CPU.Build.0 = Debug|Any CPU
		{76488519-8EF3-47AD-B27A-30CD08CC77D5}.Release|Any CPU.ActiveCfg = Release|Any CPU
		{76488519-8EF3-47AD-B27A-30CD08CC77D5}.Release|Any CPU.Build.0 = Release|Any CPU
		{89605052-4A1B-479F-839D-3D8AC5B624DB}.Debug|Any CPU.ActiveCfg = Debug|Any CPU
		{89605052-4A1B-479F-839D-3D8AC5B624DB}.Debug|Any CPU.Build.0 = Debug|Any CPU
		{89605052-4A1B-479F-839D-3D8AC5B624DB}.Release|Any CPU.ActiveCfg = Release|Any CPU
		{89605052-4A1B-479F-839D-3D8AC5B624DB}.Release|Any CPU.Build.0 = Release|Any CPU
	EndGlobalSection
	GlobalSection(SolutionProperties) = preSolution
		HideSolutionNode = FALSE
	EndGlobalSection
	GlobalSection(NestedProjects) = preSolution
		{1DA6006E-F844-4D85-AD70-B37A4AB609D5} = {ADE6C1EE-890D-41F5-9A08-2F789CAAFB54}
		{5B64F846-3F3D-4C16-A1CF-6145CFC2DD80} = {1DA6006E-F844-4D85-AD70-B37A4AB609D5}
		{D6802A6D-945D-4A40-B7D3-113566149120} = {ADE6C1EE-890D-41F5-9A08-2F789CAAFB54}
		{295B8F00-012F-4FF6-B8FD-07CDF8AAB378} = {D6802A6D-945D-4A40-B7D3-113566149120}
		{42558F81-114E-4245-834D-0BD25100D52D} = {C23F8CB3-929B-4F0C-8E03-3872472D1395}
		{D2618A08-42FD-47D4-9C55-F2E4043EDF6C} = {ADE6C1EE-890D-41F5-9A08-2F789CAAFB54}
		{B7944FAE-CE4B-4AE8-9819-9F135D71FCCF} = {D2618A08-42FD-47D4-9C55-F2E4043EDF6C}
		{9E49AFF9-6B4C-468C-A0D0-9A9036AC64DE} = {B426B489-8F6D-4C53-94E1-01F7AA8EF3A7}
		{B4098CD8-95A2-43E3-865E-0B95E85BEC0B} = {9E49AFF9-6B4C-468C-A0D0-9A9036AC64DE}
		{FB30EAD6-6385-426B-B8F4-837042A4A1E1} = {9E49AFF9-6B4C-468C-A0D0-9A9036AC64DE}
		{D877BD66-0CBD-4D2A-BAAD-996CC1F4A9B6} = {9E49AFF9-6B4C-468C-A0D0-9A9036AC64DE}
		{26C2B72D-8C9C-409C-AD01-C853CCD23D68} = {1DA6006E-F844-4D85-AD70-B37A4AB609D5}
		{5C976F48-54C6-45B7-ADC8-5EC91868887F} = {D6802A6D-945D-4A40-B7D3-113566149120}
		{0A098ECE-14CD-4051-8114-062A1D6493F9} = {9E49AFF9-6B4C-468C-A0D0-9A9036AC64DE}
		{6C78EE5F-E182-4271-9C2F-EF27FB3136DA} = {1DA6006E-F844-4D85-AD70-B37A4AB609D5}
		{56EE98A6-7E71-474C-A44A-564C02DEA8B5} = {D6802A6D-945D-4A40-B7D3-113566149120}
		{5EE81231-23E3-4D59-8B17-2662EEA2F4A7} = {6A803091-DA54-400E-987C-269346AC51AA}
		{DE2D3385-1A0E-4450-9AA7-FB4B67E80D40} = {5EE81231-23E3-4D59-8B17-2662EEA2F4A7}
		{F449D5E5-69A8-47A5-92A6-ABBA4240224C} = {DE2D3385-1A0E-4450-9AA7-FB4B67E80D40}
		{76488519-8EF3-47AD-B27A-30CD08CC77D5} = {D2618A08-42FD-47D4-9C55-F2E4043EDF6C}
		{89605052-4A1B-479F-839D-3D8AC5B624DB} = {D2618A08-42FD-47D4-9C55-F2E4043EDF6C}
	EndGlobalSection
	GlobalSection(ExtensibilityGlobals) = postSolution
		SolutionGuid = {EB720210-4DB5-465E-AC18-2081629282DC}
	EndGlobalSection
EndGlobal
